
Microsoft Visual Studio Solution File, Format Version 12.00
# Visual Studio Version 17
VisualStudioVersion = 17.7.34031.279
MinimumVisualStudioVersion = 10.0.40219.1
Project("{FAE04EC0-301F-11D3-BF4B-00C04F79EFBC}") = "CodingTracker", "CodingTracker\CodingTracker.csproj", "{92ED8094-5148-4631-AA65-AFD45670E808}"
EndProject
Global
	GlobalSection(SolutionConfigurationPlatforms) = preSolution
		Debug|Any CPU = Debug|Any CPU
		Release|Any CPU = Release|Any CPU
	EndGlobalSection
	GlobalSection(ProjectConfigurationPlatforms) = postSolution
		{92ED8094-5148-4631-AA65-AFD45670E808}.Debug|Any CPU.ActiveCfg = Debug|Any CPU
		{92ED8094-5148-4631-AA65-AFD45670E808}.Debug|Any CPU.Build.0 = Debug|Any CPU
		{92ED8094-5148-4631-AA65-AFD45670E808}.Release|Any CPU.ActiveCfg = Release|Any CPU
		{92ED8094-5148-4631-AA65-AFD45670E808}.Release|Any CPU.Build.0 = Release|Any CPU
	EndGlobalSection
	GlobalSection(SolutionProperties) = preSolution
		HideSolutionNode = FALSE
	EndGlobalSection
	GlobalSection(ExtensibilityGlobals) = postSolution
		SolutionGuid = {7067DB8A-B081-48AF-B105-4EE6F643C196}
	EndGlobalSection
EndGlobal
